PODS:
  - FBSnapshotTestCase (2.0.7):
    - FBSnapshotTestCase/SwiftSupport (= 2.0.7)
  - FBSnapshotTestCase/Core (2.0.7)
  - FBSnapshotTestCase/SwiftSupport (2.0.7):
    - FBSnapshotTestCase/Core
  - SpriteKitUniversalMenus (0.1.0)

DEPENDENCIES:
  - FBSnapshotTestCase
  - SpriteKitUniversalMenus (from `../`)

EXTERNAL SOURCES:
  SpriteKitUniversalMenus:
    :path: ../

SPEC CHECKSUMS:
  FBSnapshotTestCase: 7e85180d0d141a0cf472352edda7e80d7eaeb547
  SpriteKitUniversalMenus: 31cca656864289803b93b5ad4d5b343f53e6a5fc

PODFILE CHECKSUM: 3075ee2dd9789e033d4655f4c6d468afeeb5205f

COCOAPODS: 1.0.0.beta.2
